{
  "name": "private-registries-example",
  "version": "1.0.0",
  "lockfileVersion": 2,
  "requires": true,
  "packages": {
    "": {
      "name": "private-registries-example",
      "version": "1.0.0",
      "license": "ISC",
      "dependencies": {
        "@gms-ws-demo/npm-remote-registry-example": "^0.1.1"
      }
    },
    "node_modules/@gms-ws-demo/npm-remote-registry-example": {
      "version": "0.1.1",
      "resolved": "https://npm.pkg.github.com/download/@gms-ws-demo/npm-remote-registry-example/0.1.1/d0a78f685d3d53c524fce17def1a7aea5ffe3a94",
      "integrity": "sha512-GlMr7/uW9isRkd0ZbZFgkw9a7ioBg24TVFdazRqQTuNwCs0IVjBbdc1Ga4m1bohB5S/cxL2dKSibG8VfDvPrKA==",
      "license": "ISC",
      "dependencies": {
        "lodash": "4.17.17"
      }
    },
    "node_modules/lodash": {
      "version": "4.17.17",
      "resolved": "https://registry.npmjs.org/lodash/-/lodash-4.17.17.tgz",
      "integrity": "sha512-/B2DjOphAoqi5BX4Gg2oh4UR0Gy/A7xYAMh3aSECEKzwS3eCDEpS0Cals1Ktvxwlal3bBJNc+5W9kNIcADdw5Q=="
    }
  },
  "dependencies": {
    "@gms-ws-demo/npm-remote-registry-example": {
      "version": "0.1.1",
      "resolved": "https://npm.pkg.github.com/download/@gms-ws-demo/npm-remote-registry-example/0.1.1/d0a78f685d3d53c524fce17def1a7aea5ffe3a94",
      "integrity": "sha512-GlMr7/uW9isRkd0ZbZFgkw9a7ioBg24TVFdazRqQTuNwCs0IVjBbdc1Ga4m1bohB5S/cxL2dKSibG8VfDvPrKA==",
      "requires": {
        "lodash": "4.17.17"
      }
    },
    "lodash": {
      "version": "4.17.17",
      "resolved": "https://registry.npmjs.org/lodash/-/lodash-4.17.17.tgz",
      "integrity": "sha512-/B2DjOphAoqi5BX4Gg2oh4UR0Gy/A7xYAMh3aSECEKzwS3eCDEpS0Cals1Ktvxwlal3bBJNc+5W9kNIcADdw5Q=="
    }
  }
}
